
Microsoft Visual Studio Solution File, Format Version 11.00
# Visual Studio 2010
Project("{8BC9CEB8-8B4A-11D0-8D11-00A0C91BC942}") = "yahoo", "yahoo\yahoo.vcxproj", "{D8E2F471-B511-49E6-9FAF-6EC1CA6CE545}"
EndProject
Global
	GlobalSection(SolutionConfigurationPlatforms) = preSolution
		Debug|Win32 = Debug|Win32
		Release|Win32 = Release|Win32
	EndGlobalSection
	GlobalSection(ProjectConfigurationPlatforms) = postSolution
		{D8E2F471-B511-49E6-9FAF-6EC1CA6CE545}.Debug|Win32.ActiveCfg = Debug|Win32
		{D8E2F471-B511-49E6-9FAF-6EC1CA6CE545}.Debug|Win32.Build.0 = Debug|Win32
		{D8E2F471-B511-49E6-9FAF-6EC1CA6CE545}.Release|Win32.ActiveCfg = Release|Win32
		{D8E2F471-B511-49E6-9FAF-6EC1CA6CE545}.Release|Win32.Build.0 = Release|Win32
	EndGlobalSection
	GlobalSection(SolutionProperties) = preSolution
		HideSolutionNode = FALSE
	EndGlobalSection
EndGlobal
